{
  "object": {
    "pins": [
      {
        "package": "SHA1",
        "repositoryURL": "https://github.com/rinsuki/sha1-swift",
        "state": {
          "branch": "support-swiftpm",
          "revision": "d48584b7fe9133f783fbf781199a67f9eadb8f92",
          "version": null
        }
      },
      {
        "package": "Starscream",
        "repositoryURL": "https://github.com/omarestrella/Starscream.git",
        "state": {
          "branch": "support-linux",
          "revision": "deba2c3bc62d717e7c6e57e95ad588a17b554dac",
          "version": null
        }
      }
    ]
  },
  "version": 1
}
