{
  "object": {
    "pins": [
      {
        "package": "FoundationWithNetworking",
        "repositoryURL": "https://github.com/rinsuki/FoundationWithNetworking",
        "state": {
          "branch": null,
          "revision": "67e4425413483bde37a7b1f1258d831f24e6ea4d",
          "version": "0.1.0"
        }
      },
      {
        "package": "SHA1",
        "repositoryURL": "https://github.com/rinsuki/sha1-swift",
        "state": {
          "branch": "support-swiftpm",
          "revision": "d48584b7fe9133f783fbf781199a67f9eadb8f92",
          "version": null
        }
      },
      {
        "package": "Starscream",
        "repositoryURL": "https://github.com/rinsuki/Starscream",
        "state": {
          "branch": "support-linux-and-windows",
          "revision": "0db9fe26e1294d513c9f61a0b446fca0e40e1a7f",
          "version": null
        }
      }
    ]
  },
  "version": 1
}
