{
  "object": {
    "pins": [
      {
        "package": "Starscream",
        "repositoryURL": "https://github.com/tesseract-one/Starscream.git",
        "state": {
          "branch": "master",
          "revision": "44e25dd0af700a4da61d293eca8a4e1b90da97fc",
          "version": null
        }
      }
    ]
  },
  "version": 1
}
